
Microsoft Visual Studio Solution File, Format Version 12.00
# Visual Studio Version 17
VisualStudioVersion = 17.13.35828.75 d17.13
MinimumVisualStudioVersion = 10.0.40219.1
Project("{FAE04EC0-301F-11D3-BF4B-00C04F79EFBC}") = "InventoryManagement", "InventoryManagement\InventoryManagement.csproj", "{0AE4DF83-E98E-404E-9124-FC9DFDD2790F}"
EndProject
Global
	GlobalSection(SolutionConfigurationPlatforms) = preSolution
		Debug|Any CPU = Debug|Any CPU
		Release|Any CPU = Release|Any CPU
	EndGlobalSection
	GlobalSection(ProjectConfigurationPlatforms) = postSolution
		{0AE4DF83-E98E-404E-9124-FC9DFDD2790F}.Debug|Any CPU.ActiveCfg = Debug|Any CPU
		{0AE4DF83-E98E-404E-9124-FC9DFDD2790F}.Debug|Any CPU.Build.0 = Debug|Any CPU
		{0AE4DF83-E98E-404E-9124-FC9DFDD2790F}.Release|Any CPU.ActiveCfg = Release|Any CPU
		{0AE4DF83-E98E-404E-9124-FC9DFDD2790F}.Release|Any CPU.Build.0 = Release|Any CPU
	EndGlobalSection
	GlobalSection(SolutionProperties) = preSolution
		HideSolutionNode = FALSE
	EndGlobalSection
	GlobalSection(ExtensibilityGlobals) = postSolution
		SolutionGuid = {9F79B8B1-AACE-4810-89FD-1E20B22C387F}
	EndGlobalSection
EndGlobal
